
Microsoft Visual Studio Solution File, Format Version 12.00
# Visual Studio Version 17
VisualStudioVersion = 17.12.35707.178
MinimumVisualStudioVersion = 10.0.40219.1
Project("{2150E333-8FDC-42A3-9474-1A3956D46DE8}") = "Source", "Source", "{D6C3378F-3327-455A-BC3D-30097097C372}"
EndProject
Project("{2150E333-8FDC-42A3-9474-1A3956D46DE8}") = "Core", "Core", "{4A28E707-E90A-4A83-A996-612B5E09E036}"
EndProject
Project("{2150E333-8FDC-42A3-9474-1A3956D46DE8}") = "Infrastructure", "Infrastructure", "{50018767-A3A2-445F-B2B7-15C3C4270B6F}"
EndProject
Project("{2150E333-8FDC-42A3-9474-1A3956D46DE8}") = "Presentation", "Presentation", "{829B6873-FEAE-4A16-A619-615CF8E0154D}"
EndProject
Project("{FAE04EC0-301F-11D3-BF4B-00C04F79EFBC}") = "Core.Domain", "Core.Domain\Core.Domain.csproj", "{743DED5B-2688-468A-80F0-4733A6C89871}"
EndProject
Project("{FAE04EC0-301F-11D3-BF4B-00C04F79EFBC}") = "Core.Application", "Core.Application\Core.Application.csproj", "{216648DC-01FB-4D32-AC42-61A3F17CDD7C}"
EndProject
Project("{FAE04EC0-301F-11D3-BF4B-00C04F79EFBC}") = "Infrastructure.Persistence", "Infrastructure.Persistence\Infrastructure.Persistence.csproj", "{EFC58E7D-47B0-4FAA-ACB0-05BA9DDACCE9}"
EndProject
Project("{FAE04EC0-301F-11D3-BF4B-00C04F79EFBC}") = "Infrastructure.Authentication", "Infrastructure.Authentication\Infrastructure.Authentication.csproj", "{63BD305E-01AA-4A48-B22A-EBF6AF3A979C}"
EndProject
Project("{FAE04EC0-301F-11D3-BF4B-00C04F79EFBC}") = "Infrastructure.Shared", "Infrastructure.Shared\Infrastructure.Shared.csproj", "{A99EDDA8-3017-497C-A08D-6787FF996C8C}"
EndProject
Project("{FAE04EC0-301F-11D3-BF4B-00C04F79EFBC}") = "JuanDevPortfolio.Api", "JuanDevPortfolio.Api\JuanDevPortfolio.Api.csproj", "{C51517DD-7E1E-458B-A43F-D591D0A076DB}"
EndProject
Project("{FAE04EC0-301F-11D3-BF4B-00C04F79EFBC}") = "JuanDevPortfolio.Client", "JuanDevPortfolio.Client\JuanDevPortfolio.Client.csproj", "{4D8A0373-3BE5-41AC-827F-31356736F9E7}"
EndProject
Global
	GlobalSection(SolutionConfigurationPlatforms) = preSolution
		Debug|Any CPU = Debug|Any CPU
		Release|Any CPU = Release|Any CPU
	EndGlobalSection
	GlobalSection(ProjectConfigurationPlatforms) = postSolution
		{743DED5B-2688-468A-80F0-4733A6C89871}.Debug|Any CPU.ActiveCfg = Debug|Any CPU
		{743DED5B-2688-468A-80F0-4733A6C89871}.Debug|Any CPU.Build.0 = Debug|Any CPU
		{743DED5B-2688-468A-80F0-4733A6C89871}.Release|Any CPU.ActiveCfg = Release|Any CPU
		{743DED5B-2688-468A-80F0-4733A6C89871}.Release|Any CPU.Build.0 = Release|Any CPU
		{216648DC-01FB-4D32-AC42-61A3F17CDD7C}.Debug|Any CPU.ActiveCfg = Debug|Any CPU
		{216648DC-01FB-4D32-AC42-61A3F17CDD7C}.Debug|Any CPU.Build.0 = Debug|Any CPU
		{216648DC-01FB-4D32-AC42-61A3F17CDD7C}.Release|Any CPU.ActiveCfg = Release|Any CPU
		{216648DC-01FB-4D32-AC42-61A3F17CDD7C}.Release|Any CPU.Build.0 = Release|Any CPU
		{EFC58E7D-47B0-4FAA-ACB0-05BA9DDACCE9}.Debug|Any CPU.ActiveCfg = Debug|Any CPU
		{EFC58E7D-47B0-4FAA-ACB0-05BA9DDACCE9}.Debug|Any CPU.Build.0 = Debug|Any CPU
		{EFC58E7D-47B0-4FAA-ACB0-05BA9DDACCE9}.Release|Any CPU.ActiveCfg = Release|Any CPU
		{EFC58E7D-47B0-4FAA-ACB0-05BA9DDACCE9}.Release|Any CPU.Build.0 = Release|Any CPU
		{63BD305E-01AA-4A48-B22A-EBF6AF3A979C}.Debug|Any CPU.ActiveCfg = Debug|Any CPU
		{63BD305E-01AA-4A48-B22A-EBF6AF3A979C}.Debug|Any CPU.Build.0 = Debug|Any CPU
		{63BD305E-01AA-4A48-B22A-EBF6AF3A979C}.Release|Any CPU.ActiveCfg = Release|Any CPU
		{63BD305E-01AA-4A48-B22A-EBF6AF3A979C}.Release|Any CPU.Build.0 = Release|Any CPU
		{A99EDDA8-3017-497C-A08D-6787FF996C8C}.Debug|Any CPU.ActiveCfg = Debug|Any CPU
		{A99EDDA8-3017-497C-A08D-6787FF996C8C}.Debug|Any CPU.Build.0 = Debug|Any CPU
		{A99EDDA8-3017-497C-A08D-6787FF996C8C}.Release|Any CPU.ActiveCfg = Release|Any CPU
		{A99EDDA8-3017-497C-A08D-6787FF996C8C}.Release|Any CPU.Build.0 = Release|Any CPU
		{C51517DD-7E1E-458B-A43F-D591D0A076DB}.Debug|Any CPU.ActiveCfg = Debug|Any CPU
		{C51517DD-7E1E-458B-A43F-D591D0A076DB}.Debug|Any CPU.Build.0 = Debug|Any CPU
		{C51517DD-7E1E-458B-A43F-D591D0A076DB}.Release|Any CPU.ActiveCfg = Release|Any CPU
		{C51517DD-7E1E-458B-A43F-D591D0A076DB}.Release|Any CPU.Build.0 = Release|Any CPU
		{4D8A0373-3BE5-41AC-827F-31356736F9E7}.Debug|Any CPU.ActiveCfg = Debug|Any CPU
		{4D8A0373-3BE5-41AC-827F-31356736F9E7}.Debug|Any CPU.Build.0 = Debug|Any CPU
		{4D8A0373-3BE5-41AC-827F-31356736F9E7}.Release|Any CPU.ActiveCfg = Release|Any CPU
		{4D8A0373-3BE5-41AC-827F-31356736F9E7}.Release|Any CPU.Build.0 = Release|Any CPU
	EndGlobalSection
	GlobalSection(SolutionProperties) = preSolution
		HideSolutionNode = FALSE
	EndGlobalSection
	GlobalSection(NestedProjects) = preSolution
		{4A28E707-E90A-4A83-A996-612B5E09E036} = {D6C3378F-3327-455A-BC3D-30097097C372}
		{50018767-A3A2-445F-B2B7-15C3C4270B6F} = {D6C3378F-3327-455A-BC3D-30097097C372}
		{829B6873-FEAE-4A16-A619-615CF8E0154D} = {D6C3378F-3327-455A-BC3D-30097097C372}
		{743DED5B-2688-468A-80F0-4733A6C89871} = {4A28E707-E90A-4A83-A996-612B5E09E036}
		{216648DC-01FB-4D32-AC42-61A3F17CDD7C} = {4A28E707-E90A-4A83-A996-612B5E09E036}
		{EFC58E7D-47B0-4FAA-ACB0-05BA9DDACCE9} = {50018767-A3A2-445F-B2B7-15C3C4270B6F}
		{63BD305E-01AA-4A48-B22A-EBF6AF3A979C} = {50018767-A3A2-445F-B2B7-15C3C4270B6F}
		{A99EDDA8-3017-497C-A08D-6787FF996C8C} = {50018767-A3A2-445F-B2B7-15C3C4270B6F}
		{C51517DD-7E1E-458B-A43F-D591D0A076DB} = {829B6873-FEAE-4A16-A619-615CF8E0154D}
		{4D8A0373-3BE5-41AC-827F-31356736F9E7} = {829B6873-FEAE-4A16-A619-615CF8E0154D}
	EndGlobalSection
EndGlobal
